
Microsoft Visual Studio Solution File, Format Version 12.00
# Visual Studio Version 17
VisualStudioVersion = 17.14.36109.1 d17.14
MinimumVisualStudioVersion = 10.0.40219.1
Project("{FAE04EC0-301F-11D3-BF4B-00C04F79EFBC}") = "Weblog.Practice", "Weblog.Practice\Weblog.Practice.csproj", "{36F22AF9-BF2C-4670-A226-5E97D370ED36}"
EndProject
Global
	GlobalSection(SolutionConfigurationPlatforms) = preSolution
		Debug|Any CPU = Debug|Any CPU
		Release|Any CPU = Release|Any CPU
	EndGlobalSection
	GlobalSection(ProjectConfigurationPlatforms) = postSolution
		{36F22AF9-BF2C-4670-A226-5E97D370ED36}.Debug|Any CPU.ActiveCfg = Debug|Any CPU
		{36F22AF9-BF2C-4670-A226-5E97D370ED36}.Debug|Any CPU.Build.0 = Debug|Any CPU
		{36F22AF9-BF2C-4670-A226-5E97D370ED36}.Release|Any CPU.ActiveCfg = Release|Any CPU
		{36F22AF9-BF2C-4670-A226-5E97D370ED36}.Release|Any CPU.Build.0 = Release|Any CPU
	EndGlobalSection
	GlobalSection(SolutionProperties) = preSolution
		HideSolutionNode = FALSE
	EndGlobalSection
	GlobalSection(ExtensibilityGlobals) = postSolution
		SolutionGuid = {E02A6050-1B35-426E-90B7-4E13C99DB2A5}
	EndGlobalSection
EndGlobal
